
Microsoft Visual Studio Solution File, Format Version 12.00
# Visual Studio Version 17
VisualStudioVersion = 17.14.36915.13 d17.14
MinimumVisualStudioVersion = 10.0.40219.1
Project("{FAE04EC0-301F-11D3-BF4B-00C04F79EFBC}") = "TheMagicOfPerfumes", "TheMagicOfPerfumes\TheMagicOfPerfumes.csproj", "{CFEF79AD-1FA8-4793-B943-76075AD8C82C}"
EndProject
Global
	GlobalSection(SolutionConfigurationPlatforms) = preSolution
		Debug|Any CPU = Debug|Any CPU
		Release|Any CPU = Release|Any CPU
	EndGlobalSection
	GlobalSection(ProjectConfigurationPlatforms) = postSolution
		{CFEF79AD-1FA8-4793-B943-76075AD8C82C}.Debug|Any CPU.ActiveCfg = Debug|Any CPU
		{CFEF79AD-1FA8-4793-B943-76075AD8C82C}.Debug|Any CPU.Build.0 = Debug|Any CPU
		{CFEF79AD-1FA8-4793-B943-76075AD8C82C}.Release|Any CPU.ActiveCfg = Release|Any CPU
		{CFEF79AD-1FA8-4793-B943-76075AD8C82C}.Release|Any CPU.Build.0 = Release|Any CPU
	EndGlobalSection
	GlobalSection(SolutionProperties) = preSolution
		HideSolutionNode = FALSE
	EndGlobalSection
	GlobalSection(ExtensibilityGlobals) = postSolution
		SolutionGuid = {F84BF2C8-340B-443A-B380-F5F6C34584CA}
	EndGlobalSection
EndGlobal
